// !$*UTF8*$!
{
	archiveVersion = 1;
	classes = {
	};
	objectVersion = 46;
	objects = {

/* Begin PBXBuildFile section */
		04FFF3851CD72F79003613CC /* AppDelegate.swift in Sources */ = {isa = PBXBuildFile; fileRef = 04FFF3841CD72F79003613CC /* AppDelegate.swift */; };
		04FFF3871CD72F79003613CC /* ViewController.swift in Sources */ = {isa = PBXBuildFile; fileRef = 04FFF3861CD72F79003613CC /* ViewController.swift */; };
		04FFF38A1CD72F79003613CC /* Main.storyboard in Resources */ = {isa = PBXBuildFile; fileRef = 04FFF3881CD72F79003613CC /* Main.storyboard */; };
		04FFF38C1CD72F79003613CC /* Assets.xcassets in Resources */ = {isa = PBXBuildFile; fileRef = 04FFF38B1CD72F79003613CC /* Assets.xcassets */; };
		04FFF38F1CD72F79003613CC /* LaunchScreen.storyboard in Resources */ = {isa = PBXBuildFile; fileRef = 04FFF38D1CD72F79003613CC /* LaunchScreen.storyboard */; };
/* End PBXBuildFile section */

/* Begin PBXFileReference section */
		04FFF3811CD72F79003613CC /* MissingPerson.app */ = {isa = PBXFileReference; explicitFileType = wrapper.application; includeInIndex = 0; path = MissingPerson.app; sourceTree = BUILT_PRODUCTS_DIR; };
		04FFF3841CD72F79003613CC /* AppDelegate.swift */ = {isa = PBXFileReference; lastKnownFileType = sourcecode.swift; path = AppDelegate.swift; sourceTree = "<group>"; };
		04FFF3861CD72F79003613CC /* ViewController.swift */ = {isa = PBXFileReference; lastKnownFileType = sourcecode.swift; path = ViewController.swift; sourceTree = "<group>"; };
		04FFF3891CD72F79003613CC /* Base */ = {isa = PBXFileReference; lastKnownFileType = file.storyboard; name = Base; path = Base.lproj/Main.storyboard; sourceTree = "<group>"; };
		04FFF38B1CD72F79003613CC /* Assets.xcassets */ = {isa = PBXFileReference; lastKnownFileType = folder.assetcatalog; path = Assets.xcassets; sourceTree = "<group>"; };
		04FFF38E1CD72F79003613CC /* Base */ = {isa = PBXFileReference; lastKnownFileType = file.storyboard; name = Base; path = Base.lproj/LaunchScreen.storyboard; sourceTree = "<group>"; };
		04FFF3901CD72F79003613CC /* Info.plist */ = {isa = PBXFileReference; lastKnownFileType = text.plist.xml; path = Info.plist; sourceTree = "<group>"; };
/* End PBXFileReference section */

/* Begin PBXFrameworksBuildPhase section */
		04FFF37E1CD72F79003613CC /* Frameworks */ = {
			isa = PBXFrameworksBuildPhase;
			buildActionMask = 2147483647;
			files = (
			);
			runOnlyForDeploymentPostprocessing = 0;
		};
/* End PBXFrameworksBuildPhase section */

/* Begin PBXGroup section */
		04FFF3781CD72F79003613CC = {
			isa = PBXGroup;
			children = (
				04FFF3831CD72F79003613CC /* MissingPerson */,
				04FFF3821CD72F79003613CC /* Products */,
			);
			sourceTree = "<group>";
		};
		04FFF3821CD72F79003613CC /* Products */ = {
			isa = PBXGroup;
			children = (
				04FFF3811CD72F79003613CC /* MissingPerson.app */,
			);
			name = Products;
			sourceTree = "<group>";
		};
		04FFF3831CD72F79003613CC /* MissingPerson */ = {
			isa = PBXGroup;
			children = (
				04FFF3841CD72F79003613CC /* AppDelegate.swift */,
				04FFF3861CD72F79003613CC /* ViewController.swift */,
				04FFF3881CD72F79003613CC /* Main.storyboard */,
				04FFF38B1CD72F79003613CC /* Assets.xcassets */,
				04FFF38D1CD72F79003613CC /* LaunchScreen.storyboard */,
				04FFF3901CD72F79003613CC /* Info.plist */,
			);
			path = MissingPerson;
			sourceTree = "<group>";
		};
/* End PBXGroup section */

/* Begin PBXNativeTarget section */
		04FFF3801CD72F79003613CC /* MissingPerson */ = {
			isa = PBXNativeTarget;
			buildConfigurationList = 04FFF3931CD72F7A003613CC /* Build configuration list for PBXNativeTarget "MissingPerson" */;
			buildPhases = (
				04FFF37D1CD72F79003613CC /* Sources */,
				04FFF37E1CD72F79003613CC /* Frameworks */,
				04FFF37F1CD72F79003613CC /* Resources */,
			);
			buildRules = (
			);
			dependencies = (
			);
			name = MissingPerson;
			productName = MissingPerson;
			productReference = 04FFF3811CD72F79003613CC /* MissingPerson.app */;
			productType = "com.apple.product-type.application";
		};
/* End PBXNativeTarget section */

/* Begin PBXProject section */
		04FFF3791CD72F79003613CC /* Project object */ = {
			isa = PBXProject;
			attributes = {
				LastSwiftUpdateCheck = 0730;
				LastUpgradeCheck = 0730;
				ORGANIZATIONNAME = mac;
				TargetAttributes = {
					04FFF3801CD72F79003613CC = {
						CreatedOnToolsVersion = 7.3;
						DevelopmentTeam = 9M89LZG9KX;
					};
				};
			};
			buildConfigurationList = 04FFF37C1CD72F79003613CC /* Build configuration list for PBXProject "MissingPerson" */;
			compatibilityVersion = "Xcode 3.2";
			developmentRegion = English;
			hasScannedForEncodings = 0;
			knownRegions = (
				en,
				Base,
			);
			mainGroup = 04FFF3781CD72F79003613CC;
			productRefGroup = 04FFF3821CD72F79003613CC /* Products */;
			projectDirPath = "";
			projectRoot = "";
			targets = (
				04FFF3801CD72F79003613CC /* MissingPerson */,
			);
		};
/* End PBXProject section */

/* Begin PBXResourcesBuildPhase section */
		04FFF37F1CD72F79003613CC /* Resources */ = {
			isa = PBXResourcesBuildPhase;
			buildActionMask = 2147483647;
			files = (
				04FFF38F1CD72F79003613CC /* LaunchScreen.storyboard in Resources */,
				04FFF38C1CD72F79003613CC /* Assets.xcassets in Resources */,
				04FFF38A1CD72F79003613CC /* Main.storyboard in Resources */,
			);
			runOnlyForDeploymentPostprocessing = 0;
		};
/* End PBXResourcesBuildPhase section */

/* Begin PBXSourcesBuildPhase section */
		04FFF37D1CD72F79003613CC /* Sources */ = {
			isa = PBXSourcesBuildPhase;
			buildActionMask = 2147483647;
			files = (
				04FFF3871CD72F79003613CC /* ViewController.swift in Sources */,
				04FFF3851CD72F79003613CC /* AppDelegate.swift in Sources */,
			);
			runOnlyForDeploymentPostprocessing = 0;
		};
/* End PBXSourcesBuildPhase section */

/* Begin PBXVariantGroup section */
		04FFF3881CD72F79003613CC /* Main.storyboard */ = {
			isa = PBXVariantGroup;
			children = (
				04FFF3891CD72F79003613CC /* Base */,
			);
			name = Main.storyboard;
			sourceTree = "<group>";
		};
		04FFF38D1CD72F79003613CC /* LaunchScreen.storyboard */ = {
			isa = PBXVariantGroup;
			children = (
				04FFF38E1CD72F79003613CC /* Base */,
			);
			name = LaunchScreen.storyboard;
			sourceTree = "<group>";
		};
/* End PBXVariantGroup section */

/* Begin XCBuildConfiguration section */
		04FFF3911CD72F79003613CC /* Debug */ = {
			isa = XCBuildConfiguration;
			buildSettings = {
				ALWAYS_SEARCH_USER_PATHS = NO;
				CLANG_ANALYZER_NONNULL = YES;
				CLANG_CXX_LANGUAGE_STANDARD = "gnu++0x";
				CLANG_CXX_LIBRARY = "libc++";
				CLANG_ENABLE_MODULES = YES;
				CLANG_ENABLE_OBJC_ARC = YES;
				CLANG_WARN_BOOL_CONVERSION = YES;
				CLANG_WARN_CONSTANT_CONVERSION = YES;
				CLANG_WARN_DIRECT_OBJC_ISA_USAGE = YES_ERROR;
				CLANG_WARN_EMPTY_BODY = YES;
				CLANG_WARN_ENUM_CONVERSION = YES;
				CLANG_WARN_INT_CONVERSION = YES;
				CLANG_WARN_OBJC_ROOT_CLASS = YES_ERROR;
				CLANG_WARN_UNREACHABLE_CODE = YES;
				CLANG_WARN__DUPLICATE_METHOD_MATCH = YES;
				"CODE_SIGN_IDENTITY[sdk=iphoneos*]" = "iPhone Developer";
				COPY_PHASE_STRIP = NO;
				DEBUG_INFORMATION_FORMAT = dwarf;
				ENABLE_STRICT_OBJC_MSGSEND = YES;
				ENABLE_TESTABILITY = YES;
				GCC_C_LANGUAGE_STANDARD = gnu99;
				GCC_DYNAMIC_NO_PIC = NO;
				GCC_NO_COMMON_BLOCKS = YES;
				GCC_OPTIMIZATION_LEVEL = 0;
				GCC_PREPROCESSOR_DEFINITIONS = (
					"DEBUG=1",
					"$(inherited)",
				);
				GCC_WARN_64_TO_32_BIT_CONVERSION = YES;
				GCC_WARN_ABOUT_RETURN_TYPE = YES_ERROR;
				GCC_WARN_UNDECLARED_SELECTOR = YES;
				GCC_WARN_UNINITIALIZED_AUTOS = YES_AGGRESSIVE;
				GCC_WARN_UNUSED_FUNCTION = YES;
				GCC_WARN_UNUSED_VARIABLE = YES;
				IPHONEOS_DEPLOYMENT_TARGET = 9.3;
				MTL_ENABLE_DEBUG_INFO = YES;
				ONLY_ACTIVE_ARCH = YES;
				SDKROOT = iphoneos;
				SWIFT_OPTIMIZATION_LEVEL = "-Onone";
				TARGETED_DEVICE_FAMILY = "1,2";
			};
			name = Debug;
		};
		04FFF3921CD72F79003613CC /* Release */ = {
			isa = XCBuildConfiguration;
			buildSettings = {
				ALWAYS_SEARCH_USER_PATHS = NO;
				CLANG_ANALYZER_NONNULL = YES;
				CLANG_CXX_LANGUAGE_STANDARD = "gnu++0x";
				CLANG_CXX_LIBRARY = "libc++";
				CLANG_ENABLE_MODULES = YES;
				CLANG_ENABLE_OBJC_ARC = YES;
				CLANG_WARN_BOOL_CONVERSION = YES;
				CLANG_WARN_CONSTANT_CONVERSION = YES;
				CLANG_WARN_DIRECT_OBJC_ISA_USAGE = YES_ERROR;
				CLANG_WARN_EMPTY_BODY = YES;
				CLANG_WARN_ENUM_CONVERSION = YES;
				CLANG_WARN_INT_CONVERSION = YES;
				CLANG_WARN_OBJC_ROOT_CLASS = YES_ERROR;
				CLANG_WARN_UNREACHABLE_CODE = YES;
				CLANG_WARN__DUPLICATE_METHOD_MATCH = YES;
				"CODE_SIGN_IDENTITY[sdk=iphoneos*]" = "iPhone Developer";
				COPY_PHASE_STRIP = NO;
				DEBUG_INFORMATION_FORMAT = "dwarf-with-dsym";
				ENABLE_NS_ASSERTIONS = NO;
				ENABLE_STRICT_OBJC_MSGSEND = YES;
				GCC_C_LANGUAGE_STANDARD = gnu99;
				GCC_NO_COMMON_BLOCKS = YES;
				GCC_WARN_64_TO_32_BIT_CONVERSION = YES;
				GCC_WARN_ABOUT_RETURN_TYPE = YES_ERROR;
				GCC_WARN_UNDECLARED_SELECTOR = YES;
				GCC_WARN_UNINITIALIZED_AUTOS = YES_AGGRESSIVE;
				GCC_WARN_UNUSED_FUNCTION = YES;
				GCC_WARN_UNUSED_VARIABLE = YES;
				IPHONEOS_DEPLOYMENT_TARGET = 9.3;
				MTL_ENABLE_DEBUG_INFO = NO;
				SDKROOT = iphoneos;
				TARGETED_DEVICE_FAMILY = "1,2";
				VALIDATE_PRODUCT = YES;
			};
			name = Release;
		};
		04FFF3941CD72F7A003613CC /* Debug */ = {
			isa = XCBuildConfiguration;
			buildSettings = {
				ASSETCATALOG_COMPILER_APPICON_NAME = AppIcon;
				INFOPLIST_FILE = MissingPerson/Info.plist;
				LD_RUNPATH_SEARCH_PATHS = "$(inherited) @executable_path/Frameworks";
				PRODUCT_BUNDLE_IDENTIFIER = "Rea-Won-Kim.MissingPerson";
				PRODUCT_NAME = "$(TARGET_NAME)";
			};
			name = Debug;
		};
		04FFF3951CD72F7A003613CC /* Release */ = {
			isa = XCBuildConfiguration;
			buildSettings = {
				ASSETCATALOG_COMPILER_APPICON_NAME = AppIcon;
				INFOPLIST_FILE = MissingPerson/Info.plist;
				LD_RUNPATH_SEARCH_PATHS = "$(inherited) @executable_path/Frameworks";
				PRODUCT_BUNDLE_IDENTIFIER = "Rea-Won-Kim.MissingPerson";
				PRODUCT_NAME = "$(TARGET_NAME)";
			};
			name = Release;
		};
/* End XCBuildConfiguration section */

/* Begin XCConfigurationList section */
		04FFF37C1CD72F79003613CC /* Build configuration list for PBXProject "MissingPerson" */ = {
			isa = XCConfigurationList;
			buildConfigurations = (
				04FFF3911CD72F79003613CC /* Debug */,
				04FFF3921CD72F79003613CC /* Release */,
			);
			defaultConfigurationIsVisible = 0;
			defaultConfigurationName = Release;
		};
		04FFF3931CD72F7A003613CC /* Build configuration list for PBXNativeTarget "MissingPerson" */ = {
			isa = XCConfigurationList;
			buildConfigurations = (
				04FFF3941CD72F7A003613CC /* Debug */,
				04FFF3951CD72F7A003613CC /* Release */,
			);
			defaultConfigurationIsVisible = 0;
		};
/* End XCConfigurationList section */
	};
	rootObject = 04FFF3791CD72F79003613CC /* Project object */;
}
